
Microsoft Visual Studio Solution File, Format Version 12.00
# Visual Studio Version 17
VisualStudioVersion = 17.1.32210.238
MinimumVisualStudioVersion = 10.0.40219.1
Project("{FAE04EC0-301F-11D3-BF4B-00C04F79EFBC}") = "Slot", "Slot\Slot.csproj", "{D5AFE46D-E625-46CF-9907-98984BCEF056}"
EndProject
Global
	GlobalSection(SolutionConfigurationPlatforms) = preSolution
		Debug|Any CPU = Debug|Any CPU
		Release|Any CPU = Release|Any CPU
	EndGlobalSection
	GlobalSection(ProjectConfigurationPlatforms) = postSolution
		{D5AFE46D-E625-46CF-9907-98984BCEF056}.Debug|Any CPU.ActiveCfg = Debug|Any CPU
		{D5AFE46D-E625-46CF-9907-98984BCEF056}.Debug|Any CPU.Build.0 = Debug|Any CPU
		{D5AFE46D-E625-46CF-9907-98984BCEF056}.Release|Any CPU.ActiveCfg = Release|Any CPU
		{D5AFE46D-E625-46CF-9907-98984BCEF056}.Release|Any CPU.Build.0 = Release|Any CPU
	EndGlobalSection
	GlobalSection(SolutionProperties) = preSolution
		HideSolutionNode = FALSE
	EndGlobalSection
	GlobalSection(ExtensibilityGlobals) = postSolution
		SolutionGuid = {EC240641-9DCD-4DE5-B3B0-7B582CB6CA60}
	EndGlobalSection
EndGlobal
